[[package]]
name = "bottle"
version = "0.12.20"
description = "Fast and simple WSGI-framework for small web-applications."
category = "main"
optional = false
python-versions = "*"

[metadata]
lock-version = "1.1"
python-versions = "^3.8"
content-hash = "b0e7d1e60d75241fd2b652fb5a65db696c8a5c1482a623af856d9da60b261d3d"

[metadata.files]
bottle = [
    {file = "bottle-0.12.20-py3-none-any.whl", hash = "sha256:3c97e1e955c11e4ad2d73a60cdf83c4f4cf7b8b73c8344fc4b72f985432605cb"},
    {file = "bottle-0.12.20.tar.gz", hash = "sha256:544023cd2cd6d382ebf9675fa0544d4d20e19d3a13b6932a812d099fb2f6cb84"},
]
